
Microsoft Visual Studio Solution File, Format Version 12.00
# Visual Studio 14
VisualStudioVersion = 14.0.25420.1
MinimumVisualStudioVersion = 10.0.40219.1
Project("{2150E333-8FDC-42A3-9474-1A3956D46DE8}") = "__Executables", "__Executables", "{12BB0A18-B1AD-4EA7-B95B-4AF88F8E32F7}"
EndProject
Project("{2150E333-8FDC-42A3-9474-1A3956D46DE8}") = "_OpenYS-Library", "_OpenYS-Library", "{DD1F1990-5F39-485B-9011-EBC8B13385D9}"
EndProject
Project("{2150E333-8FDC-42A3-9474-1A3956D46DE8}") = "_DataFlow", "_DataFlow", "{997B1BBD-A9EE-4D78-8C25-588B0CCEAE47}"
EndProject
Project("{2150E333-8FDC-42A3-9474-1A3956D46DE8}") = "_Networking", "_Networking", "{54DA3A99-CD1F-4FFE-9AB8-E55C6F710771}"
EndProject
Project("{2150E333-8FDC-42A3-9474-1A3956D46DE8}") = "_Objects", "_Objects", "{F81BE334-05DA-4238-BE8B-7854150836D5}"
EndProject
Project("{2150E333-8FDC-42A3-9474-1A3956D46DE8}") = "_Output", "_Output", "{07DAF11F-76A0-400A-9473-1E6FBA2D2A0C}"
EndProject
Project("{2150E333-8FDC-42A3-9474-1A3956D46DE8}") = "_Timing", "_Timing", "{9072ADC0-E97E-4825-A2B7-378E6B9AD71B}"
EndProject
Project("{2150E333-8FDC-42A3-9474-1A3956D46DE8}") = "_YSFlightLoading", "_YSFlightLoading", "{8FAFE5CA-67A7-46B8-B6A3-6B95A17FE919}"
EndProject
Project("{FAE04EC0-301F-11D3-BF4B-00C04F79EFBC}") = "_-_Launcher", "__Executables\_-_Launcher\_-_Launcher.csproj", "{F578341C-E4F5-48FE-B50C-6003714DE92A}"
EndProject
Project("{FAE04EC0-301F-11D3-BF4B-00C04F79EFBC}") = "_0_PreRelease", "__Executables\_0_PreRelease\_0_PreRelease.csproj", "{636C46A4-696C-4058-91F2-F9F6522A9A70}"
EndProject
Project("{FAE04EC0-301F-11D3-BF4B-00C04F79EFBC}") = "_1_OpenYS-ClientMode", "__Executables\_1_OpenYS-ClientMode\_1_OpenYS-ClientMode.csproj", "{E2578B7F-0D67-4807-8AD8-7C475074BEE9}"
EndProject
Project("{FAE04EC0-301F-11D3-BF4B-00C04F79EFBC}") = "_1_OpenYS-ServerMode", "__Executables\_1_OpenYS-ServerMode\_1_OpenYS-ServerMode.csproj", "{CB8BD888-BFA3-4697-9D80-C21126725BB6}"
EndProject
Project("{FAE04EC0-301F-11D3-BF4B-00C04F79EFBC}") = "Commands", "_OpenYS-Library\_DataFlow\Commands\Commands.csproj", "{502ED9D3-329B-40EC-8778-37F21882405E}"
EndProject
Project("{FAE04EC0-301F-11D3-BF4B-00C04F79EFBC}") = "PacketHandler", "_OpenYS-Library\_DataFlow\PacketHandler\PacketHandler.csproj", "{3DF6D23F-DB43-4B58-A6FA-1D004FF89C5D}"
EndProject
Project("{FAE04EC0-301F-11D3-BF4B-00C04F79EFBC}") = "Packets", "_OpenYS-Library\_Networking\Packets\Packets.csproj", "{BD7FFBA7-FEB1-4DD7-A327-680F62F233FF}"
EndProject
Project("{FAE04EC0-301F-11D3-BF4B-00C04F79EFBC}") = "Client", "_OpenYS-Library\_Objects\Client\Client.csproj", "{48BF7341-7F7A-47D2-9585-4CF8B3D88F6E}"
EndProject
Project("{FAE04EC0-301F-11D3-BF4B-00C04F79EFBC}") = "Server", "_OpenYS-Library\_Objects\Server\Server.csproj", "{EB062987-1453-4330-93DD-A101B69C0CC6}"
EndProject
Project("{FAE04EC0-301F-11D3-BF4B-00C04F79EFBC}") = "Vehicle", "_OpenYS-Library\_Objects\Vehicle\Vehicle.csproj", "{69A8B9BA-2DB7-4B4D-912F-1CAC3AC5C4C2}"
EndProject
Project("{FAE04EC0-301F-11D3-BF4B-00C04F79EFBC}") = "Console", "_OpenYS-Library\_Output\Console\Console.csproj", "{5A4A894B-538C-4CC9-B163-D227DAB5C8B1}"
EndProject
Project("{FAE04EC0-301F-11D3-BF4B-00C04F79EFBC}") = "Logging", "_OpenYS-Library\_Output\Logger\Logging.csproj", "{47FF43D6-2ED5-44A6-B6FB-62371067D953}"
EndProject
Project("{FAE04EC0-301F-11D3-BF4B-00C04F79EFBC}") = "Scheduler", "_OpenYS-Library\_Timing\Scheduler\Scheduler.csproj", "{B251C3F2-01B2-49F6-9BDF-1D87D35CA0CD}"
EndProject
Project("{FAE04EC0-301F-11D3-BF4B-00C04F79EFBC}") = "Sequencer", "_OpenYS-Library\_Timing\Sequencer\Sequencer.csproj", "{14D20B6D-5E95-4129-9365-83CC3018A3CB}"
EndProject
Project("{FAE04EC0-301F-11D3-BF4B-00C04F79EFBC}") = "MetaData", "_OpenYS-Library\_YSFlightLoading\MetaData\MetaData.csproj", "{F91148B7-9BE5-4542-B694-B371C63531CE}"
EndProject
Project("{FAE04EC0-301F-11D3-BF4B-00C04F79EFBC}") = "World", "_OpenYS-Library\_YSFlightLoading\World\World.csproj", "{A38360EE-3274-45D8-BE02-78A21CECB6F5}"
EndProject
Project("{FAE04EC0-301F-11D3-BF4B-00C04F79EFBC}") = "OpenYS_Core", "_OpenYS-Library\OpenYS_Core\OpenYS_Core.csproj", "{15454055-AE18-4F97-A2C9-C09CF1D47F8F}"
EndProject
Project("{FAE04EC0-301F-11D3-BF4B-00C04F79EFBC}") = "Settings", "_OpenYS-Library\Settings\Settings.csproj", "{27118548-04EE-4994-B311-3A3F12DC49EF}"
EndProject
Project("{FAE04EC0-301F-11D3-BF4B-00C04F79EFBC}") = "Utilities", "_OpenYS-Library\Utilities\Utilities.csproj", "{8663101D-846E-47FE-8AEE-6D79D127436D}"
EndProject
Project("{FAE04EC0-301F-11D3-BF4B-00C04F79EFBC}") = "_2_Release", "__Executables\_2_Release\_2_Release.csproj", "{80C3877C-A712-4563-96D3-7DFFD697D580}"
EndProject
Project("{2150E333-8FDC-42A3-9474-1A3956D46DE8}") = "_Games", "_Games", "{1F5D1E66-8C42-4C70-9AA0-8C95134228C0}"
EndProject
Project("{FAE04EC0-301F-11D3-BF4B-00C04F79EFBC}") = "Games", "_OpenYS-Library\Games\Games.csproj", "{C5BB2F9C-CE9E-4FB3-B8DA-5BF6A1F6555A}"
EndProject
Project("{FAE04EC0-301F-11D3-BF4B-00C04F79EFBC}") = "Replay", "_OpenYS-Library\_YSFlightLoading\Replay\Replay.csproj", "{4BF21246-BC73-4BB7-A390-944C7D8F9F9A}"
EndProject
Project("{FAE04EC0-301F-11D3-BF4B-00C04F79EFBC}") = "IRC", "_OpenYS-Library\_Networking\IRC\IRC.csproj", "{F5C9A228-21C0-40F7-B802-E6B1C063E3A5}"
EndProject
Project("{2150E333-8FDC-42A3-9474-1A3956D46DE8}") = "_External-Libraries", "_External-Libraries", "{4BDB39CD-37D6-47B6-8FE0-335316775FEA}"
EndProject
Project("{FAE04EC0-301F-11D3-BF4B-00C04F79EFBC}") = "EPPlus", "_External-Libraries\EPPlus\EPPlus.csproj", "{BF02DE9A-0265-41EA-B344-8272FF8CDE9A}"
EndProject
Project("{FAE04EC0-301F-11D3-BF4B-00C04F79EFBC}") = "_3_SettingsGUI", "__Executables\_3_SettingsGUI\_3_SettingsGUI.csproj", "{FEB5A65D-4E8F-4D67-AFD1-DE6AF59E3264}"
EndProject
Project("{FAE04EC0-301F-11D3-BF4B-00C04F79EFBC}") = "OpenYS-Link", "_OpenYS-Library\_Networking\OpenYS-Link\OpenYS-Link.csproj", "{FAF2FD8C-B28B-4DE9-9126-8001B2862474}"
EndProject
Project("{FAE04EC0-301F-11D3-BF4B-00C04F79EFBC}") = "_X_Testing", "__Executables\_X_Testing\_X_Testing.csproj", "{72EDF3D5-EA61-4BAF-8133-CA67DB24EF97}"
EndProject
Project("{FAE04EC0-301F-11D3-BF4B-00C04F79EFBC}") = "MainWindow", "_OpenYS-Library\_Output\MainWindow\MainWindow.csproj", "{75B24E40-4420-4296-B8D2-A7F037D13501}"
EndProject
Global
	GlobalSection(SolutionConfigurationPlatforms) = preSolution
		_0_Dev_OYS_ServerMode|Any CPU = _0_Dev_OYS_ServerMode|Any CPU
		_0_Test_OYS_ServerMode|Any CPU = _0_Test_OYS_ServerMode|Any CPU
		_1_PreRelease|Any CPU = _1_PreRelease|Any CPU
		_2_Release|Any CPU = _2_Release|Any CPU
		_3_SettingsGUI|Any CPU = _3_SettingsGUI|Any CPU
		_X_Testing|Any CPU = _X_Testing|Any CPU
		Debug|Any CPU = Debug|Any CPU
		Release|Any CPU = Release|Any CPU
	EndGlobalSection
	GlobalSection(ProjectConfigurationPlatforms) = postSolution
		{F578341C-E4F5-48FE-B50C-6003714DE92A}._0_Dev_OYS_ServerMode|Any CPU.ActiveCfg = _0_OpenYS-ServerMode|Any CPU
		{F578341C-E4F5-48FE-B50C-6003714DE92A}._0_Dev_OYS_ServerMode|Any CPU.Build.0 = _0_OpenYS-ServerMode|Any CPU
		{F578341C-E4F5-48FE-B50C-6003714DE92A}._0_Test_OYS_ServerMode|Any CPU.ActiveCfg = _0_OpenYS-ServerMode|Any CPU
		{F578341C-E4F5-48FE-B50C-6003714DE92A}._0_Test_OYS_ServerMode|Any CPU.Build.0 = _0_OpenYS-ServerMode|Any CPU
		{F578341C-E4F5-48FE-B50C-6003714DE92A}._1_PreRelease|Any CPU.ActiveCfg = _1_PreRelease|Any CPU
		{F578341C-E4F5-48FE-B50C-6003714DE92A}._1_PreRelease|Any CPU.Build.0 = _1_PreRelease|Any CPU
		{F578341C-E4F5-48FE-B50C-6003714DE92A}._2_Release|Any CPU.ActiveCfg = _2_Release|Any CPU
		{F578341C-E4F5-48FE-B50C-6003714DE92A}._2_Release|Any CPU.Build.0 = _2_Release|Any CPU
		{F578341C-E4F5-48FE-B50C-6003714DE92A}._3_SettingsGUI|Any CPU.ActiveCfg = _3_SettingsGUI|Any CPU
		{F578341C-E4F5-48FE-B50C-6003714DE92A}._3_SettingsGUI|Any CPU.Build.0 = _3_SettingsGUI|Any CPU
		{F578341C-E4F5-48FE-B50C-6003714DE92A}._X_Testing|Any CPU.ActiveCfg = _X_Testing|Any CPU
		{F578341C-E4F5-48FE-B50C-6003714DE92A}._X_Testing|Any CPU.Build.0 = _X_Testing|Any CPU
		{F578341C-E4F5-48FE-B50C-6003714DE92A}.Debug|Any CPU.ActiveCfg = _0_OpenYS-Tray|Any CPU
		{F578341C-E4F5-48FE-B50C-6003714DE92A}.Debug|Any CPU.Build.0 = _0_OpenYS-Tray|Any CPU
		{F578341C-E4F5-48FE-B50C-6003714DE92A}.Release|Any CPU.ActiveCfg = _2_Release|Any CPU
		{F578341C-E4F5-48FE-B50C-6003714DE92A}.Release|Any CPU.Build.0 = _2_Release|Any CPU
		{636C46A4-696C-4058-91F2-F9F6522A9A70}._0_Dev_OYS_ServerMode|Any CPU.ActiveCfg = Debug|Any CPU
		{636C46A4-696C-4058-91F2-F9F6522A9A70}._0_Dev_OYS_ServerMode|Any CPU.Build.0 = Debug|Any CPU
		{636C46A4-696C-4058-91F2-F9F6522A9A70}._0_Test_OYS_ServerMode|Any CPU.ActiveCfg = Release|Any CPU
		{636C46A4-696C-4058-91F2-F9F6522A9A70}._0_Test_OYS_ServerMode|Any CPU.Build.0 = Release|Any CPU
		{636C46A4-696C-4058-91F2-F9F6522A9A70}._1_PreRelease|Any CPU.ActiveCfg = Release|Any CPU
		{636C46A4-696C-4058-91F2-F9F6522A9A70}._1_PreRelease|Any CPU.Build.0 = Release|Any CPU
		{636C46A4-696C-4058-91F2-F9F6522A9A70}._2_Release|Any CPU.ActiveCfg = Release|Any CPU
		{636C46A4-696C-4058-91F2-F9F6522A9A70}._2_Release|Any CPU.Build.0 = Release|Any CPU
		{636C46A4-696C-4058-91F2-F9F6522A9A70}._3_SettingsGUI|Any CPU.ActiveCfg = Release|Any CPU
		{636C46A4-696C-4058-91F2-F9F6522A9A70}._3_SettingsGUI|Any CPU.Build.0 = Release|Any CPU
		{636C46A4-696C-4058-91F2-F9F6522A9A70}._X_Testing|Any CPU.ActiveCfg = Debug|Any CPU
		{636C46A4-696C-4058-91F2-F9F6522A9A70}._X_Testing|Any CPU.Build.0 = Debug|Any CPU
		{636C46A4-696C-4058-91F2-F9F6522A9A70}.Debug|Any CPU.ActiveCfg = Debug|Any CPU
		{636C46A4-696C-4058-91F2-F9F6522A9A70}.Debug|Any CPU.Build.0 = Debug|Any CPU
		{636C46A4-696C-4058-91F2-F9F6522A9A70}.Release|Any CPU.ActiveCfg = Release|Any CPU
		{636C46A4-696C-4058-91F2-F9F6522A9A70}.Release|Any CPU.Build.0 = Release|Any CPU
		{E2578B7F-0D67-4807-8AD8-7C475074BEE9}._0_Dev_OYS_ServerMode|Any CPU.ActiveCfg = Debug|Any CPU
		{E2578B7F-0D67-4807-8AD8-7C475074BEE9}._0_Dev_OYS_ServerMode|Any CPU.Build.0 = Debug|Any CPU
		{E2578B7F-0D67-4807-8AD8-7C475074BEE9}._0_Test_OYS_ServerMode|Any CPU.ActiveCfg = Release|Any CPU
		{E2578B7F-0D67-4807-8AD8-7C475074BEE9}._0_Test_OYS_ServerMode|Any CPU.Build.0 = Release|Any CPU
		{E2578B7F-0D67-4807-8AD8-7C475074BEE9}._1_PreRelease|Any CPU.ActiveCfg = Release|Any CPU
		{E2578B7F-0D67-4807-8AD8-7C475074BEE9}._1_PreRelease|Any CPU.Build.0 = Release|Any CPU
		{E2578B7F-0D67-4807-8AD8-7C475074BEE9}._2_Release|Any CPU.ActiveCfg = Release|Any CPU
		{E2578B7F-0D67-4807-8AD8-7C475074BEE9}._2_Release|Any CPU.Build.0 = Release|Any CPU
		{E2578B7F-0D67-4807-8AD8-7C475074BEE9}._3_SettingsGUI|Any CPU.ActiveCfg = Release|Any CPU
		{E2578B7F-0D67-4807-8AD8-7C475074BEE9}._3_SettingsGUI|Any CPU.Build.0 = Release|Any CPU
		{E2578B7F-0D67-4807-8AD8-7C475074BEE9}._X_Testing|Any CPU.ActiveCfg = Debug|Any CPU
		{E2578B7F-0D67-4807-8AD8-7C475074BEE9}._X_Testing|Any CPU.Build.0 = Debug|Any CPU
		{E2578B7F-0D67-4807-8AD8-7C475074BEE9}.Debug|Any CPU.ActiveCfg = Debug|Any CPU
		{E2578B7F-0D67-4807-8AD8-7C475074BEE9}.Debug|Any CPU.Build.0 = Debug|Any CPU
		{E2578B7F-0D67-4807-8AD8-7C475074BEE9}.Release|Any CPU.ActiveCfg = Release|Any CPU
		{E2578B7F-0D67-4807-8AD8-7C475074BEE9}.Release|Any CPU.Build.0 = Release|Any CPU
		{CB8BD888-BFA3-4697-9D80-C21126725BB6}._0_Dev_OYS_ServerMode|Any CPU.ActiveCfg = Debug|Any CPU
		{CB8BD888-BFA3-4697-9D80-C21126725BB6}._0_Dev_OYS_ServerMode|Any CPU.Build.0 = Debug|Any CPU
		{CB8BD888-BFA3-4697-9D80-C21126725BB6}._0_Test_OYS_ServerMode|Any CPU.ActiveCfg = Release|Any CPU
		{CB8BD888-BFA3-4697-9D80-C21126725BB6}._0_Test_OYS_ServerMode|Any CPU.Build.0 = Release|Any CPU
		{CB8BD888-BFA3-4697-9D80-C21126725BB6}._1_PreRelease|Any CPU.ActiveCfg = Release|Any CPU
		{CB8BD888-BFA3-4697-9D80-C21126725BB6}._1_PreRelease|Any CPU.Build.0 = Release|Any CPU
		{CB8BD888-BFA3-4697-9D80-C21126725BB6}._2_Release|Any CPU.ActiveCfg = Release|Any CPU
		{CB8BD888-BFA3-4697-9D80-C21126725BB6}._2_Release|Any CPU.Build.0 = Release|Any CPU
		{CB8BD888-BFA3-4697-9D80-C21126725BB6}._3_SettingsGUI|Any CPU.ActiveCfg = Release|Any CPU
		{CB8BD888-BFA3-4697-9D80-C21126725BB6}._3_SettingsGUI|Any CPU.Build.0 = Release|Any CPU
		{CB8BD888-BFA3-4697-9D80-C21126725BB6}._X_Testing|Any CPU.ActiveCfg = Debug|Any CPU
		{CB8BD888-BFA3-4697-9D80-C21126725BB6}._X_Testing|Any CPU.Build.0 = Debug|Any CPU
		{CB8BD888-BFA3-4697-9D80-C21126725BB6}.Debug|Any CPU.ActiveCfg = Debug|Any CPU
		{CB8BD888-BFA3-4697-9D80-C21126725BB6}.Debug|Any CPU.Build.0 = Debug|Any CPU
		{CB8BD888-BFA3-4697-9D80-C21126725BB6}.Release|Any CPU.ActiveCfg = Release|Any CPU
		{CB8BD888-BFA3-4697-9D80-C21126725BB6}.Release|Any CPU.Build.0 = Release|Any CPU
		{502ED9D3-329B-40EC-8778-37F21882405E}._0_Dev_OYS_ServerMode|Any CPU.ActiveCfg = Debug|Any CPU
		{502ED9D3-329B-40EC-8778-37F21882405E}._0_Dev_OYS_ServerMode|Any CPU.Build.0 = Debug|Any CPU
		{502ED9D3-329B-40EC-8778-37F21882405E}._0_Test_OYS_ServerMode|Any CPU.ActiveCfg = Release|Any CPU
		{502ED9D3-329B-40EC-8778-37F21882405E}._0_Test_OYS_ServerMode|Any CPU.Build.0 = Release|Any CPU
		{502ED9D3-329B-40EC-8778-37F21882405E}._1_PreRelease|Any CPU.ActiveCfg = Release|Any CPU
		{502ED9D3-329B-40EC-8778-37F21882405E}._1_PreRelease|Any CPU.Build.0 = Release|Any CPU
		{502ED9D3-329B-40EC-8778-37F21882405E}._2_Release|Any CPU.ActiveCfg = Release|Any CPU
		{502ED9D3-329B-40EC-8778-37F21882405E}._2_Release|Any CPU.Build.0 = Release|Any CPU
		{502ED9D3-329B-40EC-8778-37F21882405E}._3_SettingsGUI|Any CPU.ActiveCfg = Release|Any CPU
		{502ED9D3-329B-40EC-8778-37F21882405E}._3_SettingsGUI|Any CPU.Build.0 = Release|Any CPU
		{502ED9D3-329B-40EC-8778-37F21882405E}._X_Testing|Any CPU.ActiveCfg = Debug|Any CPU
		{502ED9D3-329B-40EC-8778-37F21882405E}._X_Testing|Any CPU.Build.0 = Debug|Any CPU
		{502ED9D3-329B-40EC-8778-37F21882405E}.Debug|Any CPU.ActiveCfg = Debug|Any CPU
		{502ED9D3-329B-40EC-8778-37F21882405E}.Debug|Any CPU.Build.0 = Debug|Any CPU
		{502ED9D3-329B-40EC-8778-37F21882405E}.Release|Any CPU.ActiveCfg = Release|Any CPU
		{502ED9D3-329B-40EC-8778-37F21882405E}.Release|Any CPU.Build.0 = Release|Any CPU
		{3DF6D23F-DB43-4B58-A6FA-1D004FF89C5D}._0_Dev_OYS_ServerMode|Any CPU.ActiveCfg = Debug|Any CPU
		{3DF6D23F-DB43-4B58-A6FA-1D004FF89C5D}._0_Dev_OYS_ServerMode|Any CPU.Build.0 = Debug|Any CPU
		{3DF6D23F-DB43-4B58-A6FA-1D004FF89C5D}._0_Test_OYS_ServerMode|Any CPU.ActiveCfg = Release|Any CPU
		{3DF6D23F-DB43-4B58-A6FA-1D004FF89C5D}._0_Test_OYS_ServerMode|Any CPU.Build.0 = Release|Any CPU
		{3DF6D23F-DB43-4B58-A6FA-1D004FF89C5D}._1_PreRelease|Any CPU.ActiveCfg = Release|Any CPU
		{3DF6D23F-DB43-4B58-A6FA-1D004FF89C5D}._1_PreRelease|Any CPU.Build.0 = Release|Any CPU
		{3DF6D23F-DB43-4B58-A6FA-1D004FF89C5D}._2_Release|Any CPU.ActiveCfg = Release|Any CPU
		{3DF6D23F-DB43-4B58-A6FA-1D004FF89C5D}._2_Release|Any CPU.Build.0 = Release|Any CPU
		{3DF6D23F-DB43-4B58-A6FA-1D004FF89C5D}._3_SettingsGUI|Any CPU.ActiveCfg = Release|Any CPU
		{3DF6D23F-DB43-4B58-A6FA-1D004FF89C5D}._3_SettingsGUI|Any CPU.Build.0 = Release|Any CPU
		{3DF6D23F-DB43-4B58-A6FA-1D004FF89C5D}._X_Testing|Any CPU.ActiveCfg = Debug|Any CPU
		{3DF6D23F-DB43-4B58-A6FA-1D004FF89C5D}._X_Testing|Any CPU.Build.0 = Debug|Any CPU
		{3DF6D23F-DB43-4B58-A6FA-1D004FF89C5D}.Debug|Any CPU.ActiveCfg = Debug|Any CPU
		{3DF6D23F-DB43-4B58-A6FA-1D004FF89C5D}.Debug|Any CPU.Build.0 = Debug|Any CPU
		{3DF6D23F-DB43-4B58-A6FA-1D004FF89C5D}.Release|Any CPU.ActiveCfg = Release|Any CPU
		{3DF6D23F-DB43-4B58-A6FA-1D004FF89C5D}.Release|Any CPU.Build.0 = Release|Any CPU
		{BD7FFBA7-FEB1-4DD7-A327-680F62F233FF}._0_Dev_OYS_ServerMode|Any CPU.ActiveCfg = Debug|Any CPU
		{BD7FFBA7-FEB1-4DD7-A327-680F62F233FF}._0_Dev_OYS_ServerMode|Any CPU.Build.0 = Debug|Any CPU
		{BD7FFBA7-FEB1-4DD7-A327-680F62F233FF}._0_Test_OYS_ServerMode|Any CPU.ActiveCfg = Release|Any CPU
		{BD7FFBA7-FEB1-4DD7-A327-680F62F233FF}._0_Test_OYS_ServerMode|Any CPU.Build.0 = Release|Any CPU
		{BD7FFBA7-FEB1-4DD7-A327-680F62F233FF}._1_PreRelease|Any CPU.ActiveCfg = Release|Any CPU
		{BD7FFBA7-FEB1-4DD7-A327-680F62F233FF}._1_PreRelease|Any CPU.Build.0 = Release|Any CPU
		{BD7FFBA7-FEB1-4DD7-A327-680F62F233FF}._2_Release|Any CPU.ActiveCfg = Release|Any CPU
		{BD7FFBA7-FEB1-4DD7-A327-680F62F233FF}._2_Release|Any CPU.Build.0 = Release|Any CPU
		{BD7FFBA7-FEB1-4DD7-A327-680F62F233FF}._3_SettingsGUI|Any CPU.ActiveCfg = Release|Any CPU
		{BD7FFBA7-FEB1-4DD7-A327-680F62F233FF}._3_SettingsGUI|Any CPU.Build.0 = Release|Any CPU
		{BD7FFBA7-FEB1-4DD7-A327-680F62F233FF}._X_Testing|Any CPU.ActiveCfg = Debug|Any CPU
		{BD7FFBA7-FEB1-4DD7-A327-680F62F233FF}._X_Testing|Any CPU.Build.0 = Debug|Any CPU
		{BD7FFBA7-FEB1-4DD7-A327-680F62F233FF}.Debug|Any CPU.ActiveCfg = Debug|Any CPU
		{BD7FFBA7-FEB1-4DD7-A327-680F62F233FF}.Debug|Any CPU.Build.0 = Debug|Any CPU
		{BD7FFBA7-FEB1-4DD7-A327-680F62F233FF}.Release|Any CPU.ActiveCfg = Release|Any CPU
		{BD7FFBA7-FEB1-4DD7-A327-680F62F233FF}.Release|Any CPU.Build.0 = Release|Any CPU
		{48BF7341-7F7A-47D2-9585-4CF8B3D88F6E}._0_Dev_OYS_ServerMode|Any CPU.ActiveCfg = Debug|Any CPU
		{48BF7341-7F7A-47D2-9585-4CF8B3D88F6E}._0_Dev_OYS_ServerMode|Any CPU.Build.0 = Debug|Any CPU
		{48BF7341-7F7A-47D2-9585-4CF8B3D88F6E}._0_Test_OYS_ServerMode|Any CPU.ActiveCfg = Release|Any CPU
		{48BF7341-7F7A-47D2-9585-4CF8B3D88F6E}._0_Test_OYS_ServerMode|Any CPU.Build.0 = Release|Any CPU
		{48BF7341-7F7A-47D2-9585-4CF8B3D88F6E}._1_PreRelease|Any CPU.ActiveCfg = Release|Any CPU
		{48BF7341-7F7A-47D2-9585-4CF8B3D88F6E}._1_PreRelease|Any CPU.Build.0 = Release|Any CPU
		{48BF7341-7F7A-47D2-9585-4CF8B3D88F6E}._2_Release|Any CPU.ActiveCfg = Release|Any CPU
		{48BF7341-7F7A-47D2-9585-4CF8B3D88F6E}._2_Release|Any CPU.Build.0 = Release|Any CPU
		{48BF7341-7F7A-47D2-9585-4CF8B3D88F6E}._3_SettingsGUI|Any CPU.ActiveCfg = Release|Any CPU
		{48BF7341-7F7A-47D2-9585-4CF8B3D88F6E}._3_SettingsGUI|Any CPU.Build.0 = Release|Any CPU
		{48BF7341-7F7A-47D2-9585-4CF8B3D88F6E}._X_Testing|Any CPU.ActiveCfg = Debug|Any CPU
		{48BF7341-7F7A-47D2-9585-4CF8B3D88F6E}._X_Testing|Any CPU.Build.0 = Debug|Any CPU
		{48BF7341-7F7A-47D2-9585-4CF8B3D88F6E}.Debug|Any CPU.ActiveCfg = Debug|Any CPU
		{48BF7341-7F7A-47D2-9585-4CF8B3D88F6E}.Debug|Any CPU.Build.0 = Debug|Any CPU
		{48BF7341-7F7A-47D2-9585-4CF8B3D88F6E}.Release|Any CPU.ActiveCfg = Release|Any CPU
		{48BF7341-7F7A-47D2-9585-4CF8B3D88F6E}.Release|Any CPU.Build.0 = Release|Any CPU
		{EB062987-1453-4330-93DD-A101B69C0CC6}._0_Dev_OYS_ServerMode|Any CPU.ActiveCfg = Debug|Any CPU
		{EB062987-1453-4330-93DD-A101B69C0CC6}._0_Dev_OYS_ServerMode|Any CPU.Build.0 = Debug|Any CPU
		{EB062987-1453-4330-93DD-A101B69C0CC6}._0_Test_OYS_ServerMode|Any CPU.ActiveCfg = Release|Any CPU
		{EB062987-1453-4330-93DD-A101B69C0CC6}._0_Test_OYS_ServerMode|Any CPU.Build.0 = Release|Any CPU
		{EB062987-1453-4330-93DD-A101B69C0CC6}._1_PreRelease|Any CPU.ActiveCfg = Release|Any CPU
		{EB062987-1453-4330-93DD-A101B69C0CC6}._1_PreRelease|Any CPU.Build.0 = Release|Any CPU
		{EB062987-1453-4330-93DD-A101B69C0CC6}._2_Release|Any CPU.ActiveCfg = Release|Any CPU
		{EB062987-1453-4330-93DD-A101B69C0CC6}._2_Release|Any CPU.Build.0 = Release|Any CPU
		{EB062987-1453-4330-93DD-A101B69C0CC6}._3_SettingsGUI|Any CPU.ActiveCfg = Release|Any CPU
		{EB062987-1453-4330-93DD-A101B69C0CC6}._3_SettingsGUI|Any CPU.Build.0 = Release|Any CPU
		{EB062987-1453-4330-93DD-A101B69C0CC6}._X_Testing|Any CPU.ActiveCfg = Debug|Any CPU
		{EB062987-1453-4330-93DD-A101B69C0CC6}._X_Testing|Any CPU.Build.0 = Debug|Any CPU
		{EB062987-1453-4330-93DD-A101B69C0CC6}.Debug|Any CPU.ActiveCfg = Debug|Any CPU
		{EB062987-1453-4330-93DD-A101B69C0CC6}.Debug|Any CPU.Build.0 = Debug|Any CPU
		{EB062987-1453-4330-93DD-A101B69C0CC6}.Release|Any CPU.ActiveCfg = Release|Any CPU
		{EB062987-1453-4330-93DD-A101B69C0CC6}.Release|Any CPU.Build.0 = Release|Any CPU
		{69A8B9BA-2DB7-4B4D-912F-1CAC3AC5C4C2}._0_Dev_OYS_ServerMode|Any CPU.ActiveCfg = Debug|Any CPU
		{69A8B9BA-2DB7-4B4D-912F-1CAC3AC5C4C2}._0_Dev_OYS_ServerMode|Any CPU.Build.0 = Debug|Any CPU
		{69A8B9BA-2DB7-4B4D-912F-1CAC3AC5C4C2}._0_Test_OYS_ServerMode|Any CPU.ActiveCfg = Release|Any CPU
		{69A8B9BA-2DB7-4B4D-912F-1CAC3AC5C4C2}._0_Test_OYS_ServerMode|Any CPU.Build.0 = Release|Any CPU
		{69A8B9BA-2DB7-4B4D-912F-1CAC3AC5C4C2}._1_PreRelease|Any CPU.ActiveCfg = Release|Any CPU
		{69A8B9BA-2DB7-4B4D-912F-1CAC3AC5C4C2}._1_PreRelease|Any CPU.Build.0 = Release|Any CPU
		{69A8B9BA-2DB7-4B4D-912F-1CAC3AC5C4C2}._2_Release|Any CPU.ActiveCfg = Release|Any CPU
		{69A8B9BA-2DB7-4B4D-912F-1CAC3AC5C4C2}._2_Release|Any CPU.Build.0 = Release|Any CPU
		{69A8B9BA-2DB7-4B4D-912F-1CAC3AC5C4C2}._3_SettingsGUI|Any CPU.ActiveCfg = Release|Any CPU
		{69A8B9BA-2DB7-4B4D-912F-1CAC3AC5C4C2}._3_SettingsGUI|Any CPU.Build.0 = Release|Any CPU
		{69A8B9BA-2DB7-4B4D-912F-1CAC3AC5C4C2}._X_Testing|Any CPU.ActiveCfg = Debug|Any CPU
		{69A8B9BA-2DB7-4B4D-912F-1CAC3AC5C4C2}._X_Testing|Any CPU.Build.0 = Debug|Any CPU
		{69A8B9BA-2DB7-4B4D-912F-1CAC3AC5C4C2}.Debug|Any CPU.ActiveCfg = Debug|Any CPU
		{69A8B9BA-2DB7-4B4D-912F-1CAC3AC5C4C2}.Debug|Any CPU.Build.0 = Debug|Any CPU
		{69A8B9BA-2DB7-4B4D-912F-1CAC3AC5C4C2}.Release|Any CPU.ActiveCfg = Release|Any CPU
		{69A8B9BA-2DB7-4B4D-912F-1CAC3AC5C4C2}.Release|Any CPU.Build.0 = Release|Any CPU
		{5A4A894B-538C-4CC9-B163-D227DAB5C8B1}._0_Dev_OYS_ServerMode|Any CPU.ActiveCfg = Debug|Any CPU
		{5A4A894B-538C-4CC9-B163-D227DAB5C8B1}._0_Dev_OYS_ServerMode|Any CPU.Build.0 = Debug|Any CPU
		{5A4A894B-538C-4CC9-B163-D227DAB5C8B1}._0_Test_OYS_ServerMode|Any CPU.ActiveCfg = Release|Any CPU
		{5A4A894B-538C-4CC9-B163-D227DAB5C8B1}._0_Test_OYS_ServerMode|Any CPU.Build.0 = Release|Any CPU
		{5A4A894B-538C-4CC9-B163-D227DAB5C8B1}._1_PreRelease|Any CPU.ActiveCfg = Release|Any CPU
		{5A4A894B-538C-4CC9-B163-D227DAB5C8B1}._1_PreRelease|Any CPU.Build.0 = Release|Any CPU
		{5A4A894B-538C-4CC9-B163-D227DAB5C8B1}._2_Release|Any CPU.ActiveCfg = Release|Any CPU
		{5A4A894B-538C-4CC9-B163-D227DAB5C8B1}._2_Release|Any CPU.Build.0 = Release|Any CPU
		{5A4A894B-538C-4CC9-B163-D227DAB5C8B1}._3_SettingsGUI|Any CPU.ActiveCfg = Release|Any CPU
		{5A4A894B-538C-4CC9-B163-D227DAB5C8B1}._3_SettingsGUI|Any CPU.Build.0 = Release|Any CPU
		{5A4A894B-538C-4CC9-B163-D227DAB5C8B1}._X_Testing|Any CPU.ActiveCfg = Debug|Any CPU
		{5A4A894B-538C-4CC9-B163-D227DAB5C8B1}._X_Testing|Any CPU.Build.0 = Debug|Any CPU
		{5A4A894B-538C-4CC9-B163-D227DAB5C8B1}.Debug|Any CPU.ActiveCfg = Debug|Any CPU
		{5A4A894B-538C-4CC9-B163-D227DAB5C8B1}.Debug|Any CPU.Build.0 = Debug|Any CPU
		{5A4A894B-538C-4CC9-B163-D227DAB5C8B1}.Release|Any CPU.ActiveCfg = Release|Any CPU
		{5A4A894B-538C-4CC9-B163-D227DAB5C8B1}.Release|Any CPU.Build.0 = Release|Any CPU
		{47FF43D6-2ED5-44A6-B6FB-62371067D953}._0_Dev_OYS_ServerMode|Any CPU.ActiveCfg = Debug|Any CPU
		{47FF43D6-2ED5-44A6-B6FB-62371067D953}._0_Dev_OYS_ServerMode|Any CPU.Build.0 = Debug|Any CPU
		{47FF43D6-2ED5-44A6-B6FB-62371067D953}._0_Test_OYS_ServerMode|Any CPU.ActiveCfg = Release|Any CPU
		{47FF43D6-2ED5-44A6-B6FB-62371067D953}._0_Test_OYS_ServerMode|Any CPU.Build.0 = Release|Any CPU
		{47FF43D6-2ED5-44A6-B6FB-62371067D953}._1_PreRelease|Any CPU.ActiveCfg = Release|Any CPU
		{47FF43D6-2ED5-44A6-B6FB-62371067D953}._1_PreRelease|Any CPU.Build.0 = Release|Any CPU
		{47FF43D6-2ED5-44A6-B6FB-62371067D953}._2_Release|Any CPU.ActiveCfg = Release|Any CPU
		{47FF43D6-2ED5-44A6-B6FB-62371067D953}._2_Release|Any CPU.Build.0 = Release|Any CPU
		{47FF43D6-2ED5-44A6-B6FB-62371067D953}._3_SettingsGUI|Any CPU.ActiveCfg = Release|Any CPU
		{47FF43D6-2ED5-44A6-B6FB-62371067D953}._3_SettingsGUI|Any CPU.Build.0 = Release|Any CPU
		{47FF43D6-2ED5-44A6-B6FB-62371067D953}._X_Testing|Any CPU.ActiveCfg = Debug|Any CPU
		{47FF43D6-2ED5-44A6-B6FB-62371067D953}._X_Testing|Any CPU.Build.0 = Debug|Any CPU
		{47FF43D6-2ED5-44A6-B6FB-62371067D953}.Debug|Any CPU.ActiveCfg = Debug|Any CPU
		{47FF43D6-2ED5-44A6-B6FB-62371067D953}.Debug|Any CPU.Build.0 = Debug|Any CPU
		{47FF43D6-2ED5-44A6-B6FB-62371067D953}.Release|Any CPU.ActiveCfg = Release|Any CPU
		{47FF43D6-2ED5-44A6-B6FB-62371067D953}.Release|Any CPU.Build.0 = Release|Any CPU
		{B251C3F2-01B2-49F6-9BDF-1D87D35CA0CD}._0_Dev_OYS_ServerMode|Any CPU.ActiveCfg = Debug|Any CPU
		{B251C3F2-01B2-49F6-9BDF-1D87D35CA0CD}._0_Dev_OYS_ServerMode|Any CPU.Build.0 = Debug|Any CPU
		{B251C3F2-01B2-49F6-9BDF-1D87D35CA0CD}._0_Test_OYS_ServerMode|Any CPU.ActiveCfg = Release|Any CPU
		{B251C3F2-01B2-49F6-9BDF-1D87D35CA0CD}._0_Test_OYS_ServerMode|Any CPU.Build.0 = Release|Any CPU
		{B251C3F2-01B2-49F6-9BDF-1D87D35CA0CD}._1_PreRelease|Any CPU.ActiveCfg = Release|Any CPU
		{B251C3F2-01B2-49F6-9BDF-1D87D35CA0CD}._1_PreRelease|Any CPU.Build.0 = Release|Any CPU
		{B251C3F2-01B2-49F6-9BDF-1D87D35CA0CD}._2_Release|Any CPU.ActiveCfg = Release|Any CPU
		{B251C3F2-01B2-49F6-9BDF-1D87D35CA0CD}._2_Release|Any CPU.Build.0 = Release|Any CPU
		{B251C3F2-01B2-49F6-9BDF-1D87D35CA0CD}._3_SettingsGUI|Any CPU.ActiveCfg = Release|Any CPU
		{B251C3F2-01B2-49F6-9BDF-1D87D35CA0CD}._3_SettingsGUI|Any CPU.Build.0 = Release|Any CPU
		{B251C3F2-01B2-49F6-9BDF-1D87D35CA0CD}._X_Testing|Any CPU.ActiveCfg = Debug|Any CPU
		{B251C3F2-01B2-49F6-9BDF-1D87D35CA0CD}._X_Testing|Any CPU.Build.0 = Debug|Any CPU
		{B251C3F2-01B2-49F6-9BDF-1D87D35CA0CD}.Debug|Any CPU.ActiveCfg = Debug|Any CPU
		{B251C3F2-01B2-49F6-9BDF-1D87D35CA0CD}.Debug|Any CPU.Build.0 = Debug|Any CPU
		{B251C3F2-01B2-49F6-9BDF-1D87D35CA0CD}.Release|Any CPU.ActiveCfg = Release|Any CPU
		{B251C3F2-01B2-49F6-9BDF-1D87D35CA0CD}.Release|Any CPU.Build.0 = Release|Any CPU
		{14D20B6D-5E95-4129-9365-83CC3018A3CB}._0_Dev_OYS_ServerMode|Any CPU.ActiveCfg = Debug|Any CPU
		{14D20B6D-5E95-4129-9365-83CC3018A3CB}._0_Dev_OYS_ServerMode|Any CPU.Build.0 = Debug|Any CPU
		{14D20B6D-5E95-4129-9365-83CC3018A3CB}._0_Test_OYS_ServerMode|Any CPU.ActiveCfg = Release|Any CPU
		{14D20B6D-5E95-4129-9365-83CC3018A3CB}._0_Test_OYS_ServerMode|Any CPU.Build.0 = Release|Any CPU
		{14D20B6D-5E95-4129-9365-83CC3018A3CB}._1_PreRelease|Any CPU.ActiveCfg = Release|Any CPU
		{14D20B6D-5E95-4129-9365-83CC3018A3CB}._1_PreRelease|Any CPU.Build.0 = Release|Any CPU
		{14D20B6D-5E95-4129-9365-83CC3018A3CB}._2_Release|Any CPU.ActiveCfg = Release|Any CPU
		{14D20B6D-5E95-4129-9365-83CC3018A3CB}._2_Release|Any CPU.Build.0 = Release|Any CPU
		{14D20B6D-5E95-4129-9365-83CC3018A3CB}._3_SettingsGUI|Any CPU.ActiveCfg = Release|Any CPU
		{14D20B6D-5E95-4129-9365-83CC3018A3CB}._3_SettingsGUI|Any CPU.Build.0 = Release|Any CPU
		{14D20B6D-5E95-4129-9365-83CC3018A3CB}._X_Testing|Any CPU.ActiveCfg = Debug|Any CPU
		{14D20B6D-5E95-4129-9365-83CC3018A3CB}._X_Testing|Any CPU.Build.0 = Debug|Any CPU
		{14D20B6D-5E95-4129-9365-83CC3018A3CB}.Debug|Any CPU.ActiveCfg = Debug|Any CPU
		{14D20B6D-5E95-4129-9365-83CC3018A3CB}.Debug|Any CPU.Build.0 = Debug|Any CPU
		{14D20B6D-5E95-4129-9365-83CC3018A3CB}.Release|Any CPU.ActiveCfg = Release|Any CPU
		{14D20B6D-5E95-4129-9365-83CC3018A3CB}.Release|Any CPU.Build.0 = Release|Any CPU
		{F91148B7-9BE5-4542-B694-B371C63531CE}._0_Dev_OYS_ServerMode|Any CPU.ActiveCfg = Debug|Any CPU
		{F91148B7-9BE5-4542-B694-B371C63531CE}._0_Dev_OYS_ServerMode|Any CPU.Build.0 = Debug|Any CPU
		{F91148B7-9BE5-4542-B694-B371C63531CE}._0_Test_OYS_ServerMode|Any CPU.ActiveCfg = Release|Any CPU
		{F91148B7-9BE5-4542-B694-B371C63531CE}._0_Test_OYS_ServerMode|Any CPU.Build.0 = Release|Any CPU
		{F91148B7-9BE5-4542-B694-B371C63531CE}._1_PreRelease|Any CPU.ActiveCfg = Release|Any CPU
		{F91148B7-9BE5-4542-B694-B371C63531CE}._1_PreRelease|Any CPU.Build.0 = Release|Any CPU
		{F91148B7-9BE5-4542-B694-B371C63531CE}._2_Release|Any CPU.ActiveCfg = Release|Any CPU
		{F91148B7-9BE5-4542-B694-B371C63531CE}._2_Release|Any CPU.Build.0 = Release|Any CPU
		{F91148B7-9BE5-4542-B694-B371C63531CE}._3_SettingsGUI|Any CPU.ActiveCfg = Release|Any CPU
		{F91148B7-9BE5-4542-B694-B371C63531CE}._3_SettingsGUI|Any CPU.Build.0 = Release|Any CPU
		{F91148B7-9BE5-4542-B694-B371C63531CE}._X_Testing|Any CPU.ActiveCfg = Debug|Any CPU
		{F91148B7-9BE5-4542-B694-B371C63531CE}._X_Testing|Any CPU.Build.0 = Debug|Any CPU
		{F91148B7-9BE5-4542-B694-B371C63531CE}.Debug|Any CPU.ActiveCfg = Debug|Any CPU
		{F91148B7-9BE5-4542-B694-B371C63531CE}.Debug|Any CPU.Build.0 = Debug|Any CPU
		{F91148B7-9BE5-4542-B694-B371C63531CE}.Release|Any CPU.ActiveCfg = Release|Any CPU
		{F91148B7-9BE5-4542-B694-B371C63531CE}.Release|Any CPU.Build.0 = Release|Any CPU
		{A38360EE-3274-45D8-BE02-78A21CECB6F5}._0_Dev_OYS_ServerMode|Any CPU.ActiveCfg = Debug|Any CPU
		{A38360EE-3274-45D8-BE02-78A21CECB6F5}._0_Dev_OYS_ServerMode|Any CPU.Build.0 = Debug|Any CPU
		{A38360EE-3274-45D8-BE02-78A21CECB6F5}._0_Test_OYS_ServerMode|Any CPU.ActiveCfg = Release|Any CPU
		{A38360EE-3274-45D8-BE02-78A21CECB6F5}._0_Test_OYS_ServerMode|Any CPU.Build.0 = Release|Any CPU
		{A38360EE-3274-45D8-BE02-78A21CECB6F5}._1_PreRelease|Any CPU.ActiveCfg = Release|Any CPU
		{A38360EE-3274-45D8-BE02-78A21CECB6F5}._1_PreRelease|Any CPU.Build.0 = Release|Any CPU
		{A38360EE-3274-45D8-BE02-78A21CECB6F5}._2_Release|Any CPU.ActiveCfg = Release|Any CPU
		{A38360EE-3274-45D8-BE02-78A21CECB6F5}._2_Release|Any CPU.Build.0 = Release|Any CPU
		{A38360EE-3274-45D8-BE02-78A21CECB6F5}._3_SettingsGUI|Any CPU.ActiveCfg = Release|Any CPU
		{A38360EE-3274-45D8-BE02-78A21CECB6F5}._3_SettingsGUI|Any CPU.Build.0 = Release|Any CPU
		{A38360EE-3274-45D8-BE02-78A21CECB6F5}._X_Testing|Any CPU.ActiveCfg = Debug|Any CPU
		{A38360EE-3274-45D8-BE02-78A21CECB6F5}._X_Testing|Any CPU.Build.0 = Debug|Any CPU
		{A38360EE-3274-45D8-BE02-78A21CECB6F5}.Debug|Any CPU.ActiveCfg = Debug|Any CPU
		{A38360EE-3274-45D8-BE02-78A21CECB6F5}.Debug|Any CPU.Build.0 = Debug|Any CPU
		{A38360EE-3274-45D8-BE02-78A21CECB6F5}.Release|Any CPU.ActiveCfg = Release|Any CPU
		{A38360EE-3274-45D8-BE02-78A21CECB6F5}.Release|Any CPU.Build.0 = Release|Any CPU
		{15454055-AE18-4F97-A2C9-C09CF1D47F8F}._0_Dev_OYS_ServerMode|Any CPU.ActiveCfg = Debug|Any CPU
		{15454055-AE18-4F97-A2C9-C09CF1D47F8F}._0_Dev_OYS_ServerMode|Any CPU.Build.0 = Debug|Any CPU
		{15454055-AE18-4F97-A2C9-C09CF1D47F8F}._0_Test_OYS_ServerMode|Any CPU.ActiveCfg = Release|Any CPU
		{15454055-AE18-4F97-A2C9-C09CF1D47F8F}._0_Test_OYS_ServerMode|Any CPU.Build.0 = Release|Any CPU
		{15454055-AE18-4F97-A2C9-C09CF1D47F8F}._1_PreRelease|Any CPU.ActiveCfg = Release|Any CPU
		{15454055-AE18-4F97-A2C9-C09CF1D47F8F}._1_PreRelease|Any CPU.Build.0 = Release|Any CPU
		{15454055-AE18-4F97-A2C9-C09CF1D47F8F}._2_Release|Any CPU.ActiveCfg = Release|Any CPU
		{15454055-AE18-4F97-A2C9-C09CF1D47F8F}._2_Release|Any CPU.Build.0 = Release|Any CPU
		{15454055-AE18-4F97-A2C9-C09CF1D47F8F}._3_SettingsGUI|Any CPU.ActiveCfg = Release|Any CPU
		{15454055-AE18-4F97-A2C9-C09CF1D47F8F}._3_SettingsGUI|Any CPU.Build.0 = Release|Any CPU
		{15454055-AE18-4F97-A2C9-C09CF1D47F8F}._X_Testing|Any CPU.ActiveCfg = Debug|Any CPU
		{15454055-AE18-4F97-A2C9-C09CF1D47F8F}._X_Testing|Any CPU.Build.0 = Debug|Any CPU
		{15454055-AE18-4F97-A2C9-C09CF1D47F8F}.Debug|Any CPU.ActiveCfg = Debug|Any CPU
		{15454055-AE18-4F97-A2C9-C09CF1D47F8F}.Debug|Any CPU.Build.0 = Debug|Any CPU
		{15454055-AE18-4F97-A2C9-C09CF1D47F8F}.Release|Any CPU.ActiveCfg = Release|Any CPU
		{15454055-AE18-4F97-A2C9-C09CF1D47F8F}.Release|Any CPU.Build.0 = Release|Any CPU
		{27118548-04EE-4994-B311-3A3F12DC49EF}._0_Dev_OYS_ServerMode|Any CPU.ActiveCfg = Debug|Any CPU
		{27118548-04EE-4994-B311-3A3F12DC49EF}._0_Dev_OYS_ServerMode|Any CPU.Build.0 = Debug|Any CPU
		{27118548-04EE-4994-B311-3A3F12DC49EF}._0_Test_OYS_ServerMode|Any CPU.ActiveCfg = Release|Any CPU
		{27118548-04EE-4994-B311-3A3F12DC49EF}._0_Test_OYS_ServerMode|Any CPU.Build.0 = Release|Any CPU
		{27118548-04EE-4994-B311-3A3F12DC49EF}._1_PreRelease|Any CPU.ActiveCfg = Release|Any CPU
		{27118548-04EE-4994-B311-3A3F12DC49EF}._1_PreRelease|Any CPU.Build.0 = Release|Any CPU
		{27118548-04EE-4994-B311-3A3F12DC49EF}._2_Release|Any CPU.ActiveCfg = Release|Any CPU
		{27118548-04EE-4994-B311-3A3F12DC49EF}._2_Release|Any CPU.Build.0 = Release|Any CPU
		{27118548-04EE-4994-B311-3A3F12DC49EF}._3_SettingsGUI|Any CPU.ActiveCfg = Release|Any CPU
		{27118548-04EE-4994-B311-3A3F12DC49EF}._3_SettingsGUI|Any CPU.Build.0 = Release|Any CPU
		{27118548-04EE-4994-B311-3A3F12DC49EF}._X_Testing|Any CPU.ActiveCfg = Debug|Any CPU
		{27118548-04EE-4994-B311-3A3F12DC49EF}._X_Testing|Any CPU.Build.0 = Debug|Any CPU
		{27118548-04EE-4994-B311-3A3F12DC49EF}.Debug|Any CPU.ActiveCfg = Debug|Any CPU
		{27118548-04EE-4994-B311-3A3F12DC49EF}.Debug|Any CPU.Build.0 = Debug|Any CPU
		{27118548-04EE-4994-B311-3A3F12DC49EF}.Release|Any CPU.ActiveCfg = Release|Any CPU
		{27118548-04EE-4994-B311-3A3F12DC49EF}.Release|Any CPU.Build.0 = Release|Any CPU
		{8663101D-846E-47FE-8AEE-6D79D127436D}._0_Dev_OYS_ServerMode|Any CPU.ActiveCfg = Debug|Any CPU
		{8663101D-846E-47FE-8AEE-6D79D127436D}._0_Dev_OYS_ServerMode|Any CPU.Build.0 = Debug|Any CPU
		{8663101D-846E-47FE-8AEE-6D79D127436D}._0_Test_OYS_ServerMode|Any CPU.ActiveCfg = Release|Any CPU
		{8663101D-846E-47FE-8AEE-6D79D127436D}._0_Test_OYS_ServerMode|Any CPU.Build.0 = Release|Any CPU
		{8663101D-846E-47FE-8AEE-6D79D127436D}._1_PreRelease|Any CPU.ActiveCfg = Release|Any CPU
		{8663101D-846E-47FE-8AEE-6D79D127436D}._1_PreRelease|Any CPU.Build.0 = Release|Any CPU
		{8663101D-846E-47FE-8AEE-6D79D127436D}._2_Release|Any CPU.ActiveCfg = Release|Any CPU
		{8663101D-846E-47FE-8AEE-6D79D127436D}._2_Release|Any CPU.Build.0 = Release|Any CPU
		{8663101D-846E-47FE-8AEE-6D79D127436D}._3_SettingsGUI|Any CPU.ActiveCfg = Release|Any CPU
		{8663101D-846E-47FE-8AEE-6D79D127436D}._3_SettingsGUI|Any CPU.Build.0 = Release|Any CPU
		{8663101D-846E-47FE-8AEE-6D79D127436D}._X_Testing|Any CPU.ActiveCfg = Debug|Any CPU
		{8663101D-846E-47FE-8AEE-6D79D127436D}._X_Testing|Any CPU.Build.0 = Debug|Any CPU
		{8663101D-846E-47FE-8AEE-6D79D127436D}.Debug|Any CPU.ActiveCfg = Debug|Any CPU
		{8663101D-846E-47FE-8AEE-6D79D127436D}.Debug|Any CPU.Build.0 = Debug|Any CPU
		{8663101D-846E-47FE-8AEE-6D79D127436D}.Release|Any CPU.ActiveCfg = Release|Any CPU
		{8663101D-846E-47FE-8AEE-6D79D127436D}.Release|Any CPU.Build.0 = Release|Any CPU
		{80C3877C-A712-4563-96D3-7DFFD697D580}._0_Dev_OYS_ServerMode|Any CPU.ActiveCfg = Debug|Any CPU
		{80C3877C-A712-4563-96D3-7DFFD697D580}._0_Dev_OYS_ServerMode|Any CPU.Build.0 = Debug|Any CPU
		{80C3877C-A712-4563-96D3-7DFFD697D580}._0_Test_OYS_ServerMode|Any CPU.ActiveCfg = Release|Any CPU
		{80C3877C-A712-4563-96D3-7DFFD697D580}._0_Test_OYS_ServerMode|Any CPU.Build.0 = Release|Any CPU
		{80C3877C-A712-4563-96D3-7DFFD697D580}._1_PreRelease|Any CPU.ActiveCfg = Release|Any CPU
		{80C3877C-A712-4563-96D3-7DFFD697D580}._1_PreRelease|Any CPU.Build.0 = Release|Any CPU
		{80C3877C-A712-4563-96D3-7DFFD697D580}._2_Release|Any CPU.ActiveCfg = Release|Any CPU
		{80C3877C-A712-4563-96D3-7DFFD697D580}._2_Release|Any CPU.Build.0 = Release|Any CPU
		{80C3877C-A712-4563-96D3-7DFFD697D580}._3_SettingsGUI|Any CPU.ActiveCfg = Release|Any CPU
		{80C3877C-A712-4563-96D3-7DFFD697D580}._3_SettingsGUI|Any CPU.Build.0 = Release|Any CPU
		{80C3877C-A712-4563-96D3-7DFFD697D580}._X_Testing|Any CPU.ActiveCfg = Debug|Any CPU
		{80C3877C-A712-4563-96D3-7DFFD697D580}._X_Testing|Any CPU.Build.0 = Debug|Any CPU
		{80C3877C-A712-4563-96D3-7DFFD697D580}.Debug|Any CPU.ActiveCfg = Debug|Any CPU
		{80C3877C-A712-4563-96D3-7DFFD697D580}.Debug|Any CPU.Build.0 = Debug|Any CPU
		{80C3877C-A712-4563-96D3-7DFFD697D580}.Release|Any CPU.ActiveCfg = Release|Any CPU
		{80C3877C-A712-4563-96D3-7DFFD697D580}.Release|Any CPU.Build.0 = Release|Any CPU
		{C5BB2F9C-CE9E-4FB3-B8DA-5BF6A1F6555A}._0_Dev_OYS_ServerMode|Any CPU.ActiveCfg = Debug|Any CPU
		{C5BB2F9C-CE9E-4FB3-B8DA-5BF6A1F6555A}._0_Dev_OYS_ServerMode|Any CPU.Build.0 = Debug|Any CPU
		{C5BB2F9C-CE9E-4FB3-B8DA-5BF6A1F6555A}._0_Test_OYS_ServerMode|Any CPU.ActiveCfg = Release|Any CPU
		{C5BB2F9C-CE9E-4FB3-B8DA-5BF6A1F6555A}._0_Test_OYS_ServerMode|Any CPU.Build.0 = Release|Any CPU
		{C5BB2F9C-CE9E-4FB3-B8DA-5BF6A1F6555A}._1_PreRelease|Any CPU.ActiveCfg = Release|Any CPU
		{C5BB2F9C-CE9E-4FB3-B8DA-5BF6A1F6555A}._1_PreRelease|Any CPU.Build.0 = Release|Any CPU
		{C5BB2F9C-CE9E-4FB3-B8DA-5BF6A1F6555A}._2_Release|Any CPU.ActiveCfg = Release|Any CPU
		{C5BB2F9C-CE9E-4FB3-B8DA-5BF6A1F6555A}._2_Release|Any CPU.Build.0 = Release|Any CPU
		{C5BB2F9C-CE9E-4FB3-B8DA-5BF6A1F6555A}._3_SettingsGUI|Any CPU.ActiveCfg = Release|Any CPU
		{C5BB2F9C-CE9E-4FB3-B8DA-5BF6A1F6555A}._3_SettingsGUI|Any CPU.Build.0 = Release|Any CPU
		{C5BB2F9C-CE9E-4FB3-B8DA-5BF6A1F6555A}._X_Testing|Any CPU.ActiveCfg = Debug|Any CPU
		{C5BB2F9C-CE9E-4FB3-B8DA-5BF6A1F6555A}._X_Testing|Any CPU.Build.0 = Debug|Any CPU
		{C5BB2F9C-CE9E-4FB3-B8DA-5BF6A1F6555A}.Debug|Any CPU.ActiveCfg = Debug|Any CPU
		{C5BB2F9C-CE9E-4FB3-B8DA-5BF6A1F6555A}.Debug|Any CPU.Build.0 = Debug|Any CPU
		{C5BB2F9C-CE9E-4FB3-B8DA-5BF6A1F6555A}.Release|Any CPU.ActiveCfg = Release|Any CPU
		{C5BB2F9C-CE9E-4FB3-B8DA-5BF6A1F6555A}.Release|Any CPU.Build.0 = Release|Any CPU
		{4BF21246-BC73-4BB7-A390-944C7D8F9F9A}._0_Dev_OYS_ServerMode|Any CPU.ActiveCfg = Debug|Any CPU
		{4BF21246-BC73-4BB7-A390-944C7D8F9F9A}._0_Dev_OYS_ServerMode|Any CPU.Build.0 = Debug|Any CPU
		{4BF21246-BC73-4BB7-A390-944C7D8F9F9A}._0_Test_OYS_ServerMode|Any CPU.ActiveCfg = Release|Any CPU
		{4BF21246-BC73-4BB7-A390-944C7D8F9F9A}._0_Test_OYS_ServerMode|Any CPU.Build.0 = Release|Any CPU
		{4BF21246-BC73-4BB7-A390-944C7D8F9F9A}._1_PreRelease|Any CPU.ActiveCfg = Release|Any CPU
		{4BF21246-BC73-4BB7-A390-944C7D8F9F9A}._1_PreRelease|Any CPU.Build.0 = Release|Any CPU
		{4BF21246-BC73-4BB7-A390-944C7D8F9F9A}._2_Release|Any CPU.ActiveCfg = Release|Any CPU
		{4BF21246-BC73-4BB7-A390-944C7D8F9F9A}._2_Release|Any CPU.Build.0 = Release|Any CPU
		{4BF21246-BC73-4BB7-A390-944C7D8F9F9A}._3_SettingsGUI|Any CPU.ActiveCfg = Release|Any CPU
		{4BF21246-BC73-4BB7-A390-944C7D8F9F9A}._3_SettingsGUI|Any CPU.Build.0 = Release|Any CPU
		{4BF21246-BC73-4BB7-A390-944C7D8F9F9A}._X_Testing|Any CPU.ActiveCfg = Debug|Any CPU
		{4BF21246-BC73-4BB7-A390-944C7D8F9F9A}._X_Testing|Any CPU.Build.0 = Debug|Any CPU
		{4BF21246-BC73-4BB7-A390-944C7D8F9F9A}.Debug|Any CPU.ActiveCfg = Debug|Any CPU
		{4BF21246-BC73-4BB7-A390-944C7D8F9F9A}.Debug|Any CPU.Build.0 = Debug|Any CPU
		{4BF21246-BC73-4BB7-A390-944C7D8F9F9A}.Release|Any CPU.ActiveCfg = Release|Any CPU
		{4BF21246-BC73-4BB7-A390-944C7D8F9F9A}.Release|Any CPU.Build.0 = Release|Any CPU
		{F5C9A228-21C0-40F7-B802-E6B1C063E3A5}._0_Dev_OYS_ServerMode|Any CPU.ActiveCfg = Debug|Any CPU
		{F5C9A228-21C0-40F7-B802-E6B1C063E3A5}._0_Dev_OYS_ServerMode|Any CPU.Build.0 = Debug|Any CPU
		{F5C9A228-21C0-40F7-B802-E6B1C063E3A5}._0_Test_OYS_ServerMode|Any CPU.ActiveCfg = Release|Any CPU
		{F5C9A228-21C0-40F7-B802-E6B1C063E3A5}._0_Test_OYS_ServerMode|Any CPU.Build.0 = Release|Any CPU
		{F5C9A228-21C0-40F7-B802-E6B1C063E3A5}._1_PreRelease|Any CPU.ActiveCfg = Release|Any CPU
		{F5C9A228-21C0-40F7-B802-E6B1C063E3A5}._1_PreRelease|Any CPU.Build.0 = Release|Any CPU
		{F5C9A228-21C0-40F7-B802-E6B1C063E3A5}._2_Release|Any CPU.ActiveCfg = Release|Any CPU
		{F5C9A228-21C0-40F7-B802-E6B1C063E3A5}._2_Release|Any CPU.Build.0 = Release|Any CPU
		{F5C9A228-21C0-40F7-B802-E6B1C063E3A5}._3_SettingsGUI|Any CPU.ActiveCfg = Release|Any CPU
		{F5C9A228-21C0-40F7-B802-E6B1C063E3A5}._3_SettingsGUI|Any CPU.Build.0 = Release|Any CPU
		{F5C9A228-21C0-40F7-B802-E6B1C063E3A5}._X_Testing|Any CPU.ActiveCfg = Debug|Any CPU
		{F5C9A228-21C0-40F7-B802-E6B1C063E3A5}._X_Testing|Any CPU.Build.0 = Debug|Any CPU
		{F5C9A228-21C0-40F7-B802-E6B1C063E3A5}.Debug|Any CPU.ActiveCfg = Debug|Any CPU
		{F5C9A228-21C0-40F7-B802-E6B1C063E3A5}.Debug|Any CPU.Build.0 = Debug|Any CPU
		{F5C9A228-21C0-40F7-B802-E6B1C063E3A5}.Release|Any CPU.ActiveCfg = Release|Any CPU
		{F5C9A228-21C0-40F7-B802-E6B1C063E3A5}.Release|Any CPU.Build.0 = Release|Any CPU
		{BF02DE9A-0265-41EA-B344-8272FF8CDE9A}._0_Dev_OYS_ServerMode|Any CPU.ActiveCfg = Release|Any CPU
		{BF02DE9A-0265-41EA-B344-8272FF8CDE9A}._0_Dev_OYS_ServerMode|Any CPU.Build.0 = Release|Any CPU
		{BF02DE9A-0265-41EA-B344-8272FF8CDE9A}._0_Test_OYS_ServerMode|Any CPU.ActiveCfg = Release|Any CPU
		{BF02DE9A-0265-41EA-B344-8272FF8CDE9A}._0_Test_OYS_ServerMode|Any CPU.Build.0 = Release|Any CPU
		{BF02DE9A-0265-41EA-B344-8272FF8CDE9A}._1_PreRelease|Any CPU.ActiveCfg = Release|Any CPU
		{BF02DE9A-0265-41EA-B344-8272FF8CDE9A}._1_PreRelease|Any CPU.Build.0 = Release|Any CPU
		{BF02DE9A-0265-41EA-B344-8272FF8CDE9A}._2_Release|Any CPU.ActiveCfg = Release|Any CPU
		{BF02DE9A-0265-41EA-B344-8272FF8CDE9A}._2_Release|Any CPU.Build.0 = Release|Any CPU
		{BF02DE9A-0265-41EA-B344-8272FF8CDE9A}._3_SettingsGUI|Any CPU.ActiveCfg = Release|Any CPU
		{BF02DE9A-0265-41EA-B344-8272FF8CDE9A}._3_SettingsGUI|Any CPU.Build.0 = Release|Any CPU
		{BF02DE9A-0265-41EA-B344-8272FF8CDE9A}._X_Testing|Any CPU.ActiveCfg = Release|Any CPU
		{BF02DE9A-0265-41EA-B344-8272FF8CDE9A}._X_Testing|Any CPU.Build.0 = Release|Any CPU
		{BF02DE9A-0265-41EA-B344-8272FF8CDE9A}.Debug|Any CPU.ActiveCfg = Debug|Any CPU
		{BF02DE9A-0265-41EA-B344-8272FF8CDE9A}.Debug|Any CPU.Build.0 = Debug|Any CPU
		{BF02DE9A-0265-41EA-B344-8272FF8CDE9A}.Release|Any CPU.ActiveCfg = Release|Any CPU
		{BF02DE9A-0265-41EA-B344-8272FF8CDE9A}.Release|Any CPU.Build.0 = Release|Any CPU
		{FEB5A65D-4E8F-4D67-AFD1-DE6AF59E3264}._0_Dev_OYS_ServerMode|Any CPU.ActiveCfg = Debug|Any CPU
		{FEB5A65D-4E8F-4D67-AFD1-DE6AF59E3264}._0_Dev_OYS_ServerMode|Any CPU.Build.0 = Debug|Any CPU
		{FEB5A65D-4E8F-4D67-AFD1-DE6AF59E3264}._0_Test_OYS_ServerMode|Any CPU.ActiveCfg = Release|Any CPU
		{FEB5A65D-4E8F-4D67-AFD1-DE6AF59E3264}._0_Test_OYS_ServerMode|Any CPU.Build.0 = Release|Any CPU
		{FEB5A65D-4E8F-4D67-AFD1-DE6AF59E3264}._1_PreRelease|Any CPU.ActiveCfg = Release|Any CPU
		{FEB5A65D-4E8F-4D67-AFD1-DE6AF59E3264}._1_PreRelease|Any CPU.Build.0 = Release|Any CPU
		{FEB5A65D-4E8F-4D67-AFD1-DE6AF59E3264}._2_Release|Any CPU.ActiveCfg = Release|Any CPU
		{FEB5A65D-4E8F-4D67-AFD1-DE6AF59E3264}._2_Release|Any CPU.Build.0 = Release|Any CPU
		{FEB5A65D-4E8F-4D67-AFD1-DE6AF59E3264}._3_SettingsGUI|Any CPU.ActiveCfg = Release|Any CPU
		{FEB5A65D-4E8F-4D67-AFD1-DE6AF59E3264}._3_SettingsGUI|Any CPU.Build.0 = Release|Any CPU
		{FEB5A65D-4E8F-4D67-AFD1-DE6AF59E3264}._X_Testing|Any CPU.ActiveCfg = Debug|Any CPU
		{FEB5A65D-4E8F-4D67-AFD1-DE6AF59E3264}._X_Testing|Any CPU.Build.0 = Debug|Any CPU
		{FEB5A65D-4E8F-4D67-AFD1-DE6AF59E3264}.Debug|Any CPU.ActiveCfg = Debug|Any CPU
		{FEB5A65D-4E8F-4D67-AFD1-DE6AF59E3264}.Debug|Any CPU.Build.0 = Debug|Any CPU
		{FEB5A65D-4E8F-4D67-AFD1-DE6AF59E3264}.Release|Any CPU.ActiveCfg = Release|Any CPU
		{FEB5A65D-4E8F-4D67-AFD1-DE6AF59E3264}.Release|Any CPU.Build.0 = Release|Any CPU
		{FAF2FD8C-B28B-4DE9-9126-8001B2862474}._0_Dev_OYS_ServerMode|Any CPU.ActiveCfg = Debug|Any CPU
		{FAF2FD8C-B28B-4DE9-9126-8001B2862474}._0_Dev_OYS_ServerMode|Any CPU.Build.0 = Debug|Any CPU
		{FAF2FD8C-B28B-4DE9-9126-8001B2862474}._0_Test_OYS_ServerMode|Any CPU.ActiveCfg = Release|Any CPU
		{FAF2FD8C-B28B-4DE9-9126-8001B2862474}._0_Test_OYS_ServerMode|Any CPU.Build.0 = Release|Any CPU
		{FAF2FD8C-B28B-4DE9-9126-8001B2862474}._1_PreRelease|Any CPU.ActiveCfg = Release|Any CPU
		{FAF2FD8C-B28B-4DE9-9126-8001B2862474}._1_PreRelease|Any CPU.Build.0 = Release|Any CPU
		{FAF2FD8C-B28B-4DE9-9126-8001B2862474}._2_Release|Any CPU.ActiveCfg = Release|Any CPU
		{FAF2FD8C-B28B-4DE9-9126-8001B2862474}._2_Release|Any CPU.Build.0 = Release|Any CPU
		{FAF2FD8C-B28B-4DE9-9126-8001B2862474}._3_SettingsGUI|Any CPU.ActiveCfg = Release|Any CPU
		{FAF2FD8C-B28B-4DE9-9126-8001B2862474}._3_SettingsGUI|Any CPU.Build.0 = Release|Any CPU
		{FAF2FD8C-B28B-4DE9-9126-8001B2862474}._X_Testing|Any CPU.ActiveCfg = Debug|Any CPU
		{FAF2FD8C-B28B-4DE9-9126-8001B2862474}._X_Testing|Any CPU.Build.0 = Debug|Any CPU
		{FAF2FD8C-B28B-4DE9-9126-8001B2862474}.Debug|Any CPU.ActiveCfg = Debug|Any CPU
		{FAF2FD8C-B28B-4DE9-9126-8001B2862474}.Debug|Any CPU.Build.0 = Debug|Any CPU
		{FAF2FD8C-B28B-4DE9-9126-8001B2862474}.Release|Any CPU.ActiveCfg = Release|Any CPU
		{FAF2FD8C-B28B-4DE9-9126-8001B2862474}.Release|Any CPU.Build.0 = Release|Any CPU
		{72EDF3D5-EA61-4BAF-8133-CA67DB24EF97}._0_Dev_OYS_ServerMode|Any CPU.ActiveCfg = Debug|Any CPU
		{72EDF3D5-EA61-4BAF-8133-CA67DB24EF97}._0_Dev_OYS_ServerMode|Any CPU.Build.0 = Debug|Any CPU
		{72EDF3D5-EA61-4BAF-8133-CA67DB24EF97}._0_Test_OYS_ServerMode|Any CPU.ActiveCfg = Release|Any CPU
		{72EDF3D5-EA61-4BAF-8133-CA67DB24EF97}._0_Test_OYS_ServerMode|Any CPU.Build.0 = Release|Any CPU
		{72EDF3D5-EA61-4BAF-8133-CA67DB24EF97}._1_PreRelease|Any CPU.ActiveCfg = Release|Any CPU
		{72EDF3D5-EA61-4BAF-8133-CA67DB24EF97}._1_PreRelease|Any CPU.Build.0 = Release|Any CPU
		{72EDF3D5-EA61-4BAF-8133-CA67DB24EF97}._2_Release|Any CPU.ActiveCfg = Release|Any CPU
		{72EDF3D5-EA61-4BAF-8133-CA67DB24EF97}._2_Release|Any CPU.Build.0 = Release|Any CPU
		{72EDF3D5-EA61-4BAF-8133-CA67DB24EF97}._3_SettingsGUI|Any CPU.ActiveCfg = Release|Any CPU
		{72EDF3D5-EA61-4BAF-8133-CA67DB24EF97}._3_SettingsGUI|Any CPU.Build.0 = Release|Any CPU
		{72EDF3D5-EA61-4BAF-8133-CA67DB24EF97}._X_Testing|Any CPU.ActiveCfg = Debug|Any CPU
		{72EDF3D5-EA61-4BAF-8133-CA67DB24EF97}._X_Testing|Any CPU.Build.0 = Debug|Any CPU
		{72EDF3D5-EA61-4BAF-8133-CA67DB24EF97}.Debug|Any CPU.ActiveCfg = Debug|Any CPU
		{72EDF3D5-EA61-4BAF-8133-CA67DB24EF97}.Debug|Any CPU.Build.0 = Debug|Any CPU
		{72EDF3D5-EA61-4BAF-8133-CA67DB24EF97}.Release|Any CPU.ActiveCfg = Release|Any CPU
		{72EDF3D5-EA61-4BAF-8133-CA67DB24EF97}.Release|Any CPU.Build.0 = Release|Any CPU
		{75B24E40-4420-4296-B8D2-A7F037D13501}._0_Dev_OYS_ServerMode|Any CPU.ActiveCfg = Release|Any CPU
		{75B24E40-4420-4296-B8D2-A7F037D13501}._0_Dev_OYS_ServerMode|Any CPU.Build.0 = Release|Any CPU
		{75B24E40-4420-4296-B8D2-A7F037D13501}._0_Test_OYS_ServerMode|Any CPU.ActiveCfg = Release|Any CPU
		{75B24E40-4420-4296-B8D2-A7F037D13501}._0_Test_OYS_ServerMode|Any CPU.Build.0 = Release|Any CPU
		{75B24E40-4420-4296-B8D2-A7F037D13501}._1_PreRelease|Any CPU.ActiveCfg = Release|Any CPU
		{75B24E40-4420-4296-B8D2-A7F037D13501}._1_PreRelease|Any CPU.Build.0 = Release|Any CPU
		{75B24E40-4420-4296-B8D2-A7F037D13501}._2_Release|Any CPU.ActiveCfg = Release|Any CPU
		{75B24E40-4420-4296-B8D2-A7F037D13501}._2_Release|Any CPU.Build.0 = Release|Any CPU
		{75B24E40-4420-4296-B8D2-A7F037D13501}._3_SettingsGUI|Any CPU.ActiveCfg = Release|Any CPU
		{75B24E40-4420-4296-B8D2-A7F037D13501}._3_SettingsGUI|Any CPU.Build.0 = Release|Any CPU
		{75B24E40-4420-4296-B8D2-A7F037D13501}._X_Testing|Any CPU.ActiveCfg = Release|Any CPU
		{75B24E40-4420-4296-B8D2-A7F037D13501}._X_Testing|Any CPU.Build.0 = Release|Any CPU
		{75B24E40-4420-4296-B8D2-A7F037D13501}.Debug|Any CPU.ActiveCfg = Debug|Any CPU
		{75B24E40-4420-4296-B8D2-A7F037D13501}.Debug|Any CPU.Build.0 = Debug|Any CPU
		{75B24E40-4420-4296-B8D2-A7F037D13501}.Release|Any CPU.ActiveCfg = Release|Any CPU
		{75B24E40-4420-4296-B8D2-A7F037D13501}.Release|Any CPU.Build.0 = Release|Any CPU
	EndGlobalSection
	GlobalSection(SolutionProperties) = preSolution
		HideSolutionNode = FALSE
	EndGlobalSection
	GlobalSection(NestedProjects) = preSolution
		{997B1BBD-A9EE-4D78-8C25-588B0CCEAE47} = {DD1F1990-5F39-485B-9011-EBC8B13385D9}
		{54DA3A99-CD1F-4FFE-9AB8-E55C6F710771} = {DD1F1990-5F39-485B-9011-EBC8B13385D9}
		{F81BE334-05DA-4238-BE8B-7854150836D5} = {DD1F1990-5F39-485B-9011-EBC8B13385D9}
		{07DAF11F-76A0-400A-9473-1E6FBA2D2A0C} = {DD1F1990-5F39-485B-9011-EBC8B13385D9}
		{9072ADC0-E97E-4825-A2B7-378E6B9AD71B} = {DD1F1990-5F39-485B-9011-EBC8B13385D9}
		{8FAFE5CA-67A7-46B8-B6A3-6B95A17FE919} = {DD1F1990-5F39-485B-9011-EBC8B13385D9}
		{F578341C-E4F5-48FE-B50C-6003714DE92A} = {12BB0A18-B1AD-4EA7-B95B-4AF88F8E32F7}
		{636C46A4-696C-4058-91F2-F9F6522A9A70} = {12BB0A18-B1AD-4EA7-B95B-4AF88F8E32F7}
		{E2578B7F-0D67-4807-8AD8-7C475074BEE9} = {12BB0A18-B1AD-4EA7-B95B-4AF88F8E32F7}
		{CB8BD888-BFA3-4697-9D80-C21126725BB6} = {12BB0A18-B1AD-4EA7-B95B-4AF88F8E32F7}
		{502ED9D3-329B-40EC-8778-37F21882405E} = {997B1BBD-A9EE-4D78-8C25-588B0CCEAE47}
		{3DF6D23F-DB43-4B58-A6FA-1D004FF89C5D} = {997B1BBD-A9EE-4D78-8C25-588B0CCEAE47}
		{BD7FFBA7-FEB1-4DD7-A327-680F62F233FF} = {54DA3A99-CD1F-4FFE-9AB8-E55C6F710771}
		{48BF7341-7F7A-47D2-9585-4CF8B3D88F6E} = {F81BE334-05DA-4238-BE8B-7854150836D5}
		{EB062987-1453-4330-93DD-A101B69C0CC6} = {F81BE334-05DA-4238-BE8B-7854150836D5}
		{69A8B9BA-2DB7-4B4D-912F-1CAC3AC5C4C2} = {F81BE334-05DA-4238-BE8B-7854150836D5}
		{5A4A894B-538C-4CC9-B163-D227DAB5C8B1} = {07DAF11F-76A0-400A-9473-1E6FBA2D2A0C}
		{47FF43D6-2ED5-44A6-B6FB-62371067D953} = {07DAF11F-76A0-400A-9473-1E6FBA2D2A0C}
		{B251C3F2-01B2-49F6-9BDF-1D87D35CA0CD} = {9072ADC0-E97E-4825-A2B7-378E6B9AD71B}
		{14D20B6D-5E95-4129-9365-83CC3018A3CB} = {9072ADC0-E97E-4825-A2B7-378E6B9AD71B}
		{F91148B7-9BE5-4542-B694-B371C63531CE} = {8FAFE5CA-67A7-46B8-B6A3-6B95A17FE919}
		{A38360EE-3274-45D8-BE02-78A21CECB6F5} = {8FAFE5CA-67A7-46B8-B6A3-6B95A17FE919}
		{15454055-AE18-4F97-A2C9-C09CF1D47F8F} = {DD1F1990-5F39-485B-9011-EBC8B13385D9}
		{27118548-04EE-4994-B311-3A3F12DC49EF} = {DD1F1990-5F39-485B-9011-EBC8B13385D9}
		{8663101D-846E-47FE-8AEE-6D79D127436D} = {DD1F1990-5F39-485B-9011-EBC8B13385D9}
		{80C3877C-A712-4563-96D3-7DFFD697D580} = {12BB0A18-B1AD-4EA7-B95B-4AF88F8E32F7}
		{1F5D1E66-8C42-4C70-9AA0-8C95134228C0} = {DD1F1990-5F39-485B-9011-EBC8B13385D9}
		{C5BB2F9C-CE9E-4FB3-B8DA-5BF6A1F6555A} = {1F5D1E66-8C42-4C70-9AA0-8C95134228C0}
		{4BF21246-BC73-4BB7-A390-944C7D8F9F9A} = {8FAFE5CA-67A7-46B8-B6A3-6B95A17FE919}
		{F5C9A228-21C0-40F7-B802-E6B1C063E3A5} = {54DA3A99-CD1F-4FFE-9AB8-E55C6F710771}
		{BF02DE9A-0265-41EA-B344-8272FF8CDE9A} = {4BDB39CD-37D6-47B6-8FE0-335316775FEA}
		{FEB5A65D-4E8F-4D67-AFD1-DE6AF59E3264} = {12BB0A18-B1AD-4EA7-B95B-4AF88F8E32F7}
		{FAF2FD8C-B28B-4DE9-9126-8001B2862474} = {54DA3A99-CD1F-4FFE-9AB8-E55C6F710771}
		{72EDF3D5-EA61-4BAF-8133-CA67DB24EF97} = {12BB0A18-B1AD-4EA7-B95B-4AF88F8E32F7}
		{75B24E40-4420-4296-B8D2-A7F037D13501} = {07DAF11F-76A0-400A-9473-1E6FBA2D2A0C}
	EndGlobalSection
EndGlobal
